
Microsoft Visual Studio Solution File, Format Version 12.00
# Visual Studio Version 16
VisualStudioVersion = 25.0.1706.14
MinimumVisualStudioVersion = 10.0.40219.1
Project("{FAE04EC0-301F-11D3-BF4B-00C04F79EFBC}") = "events_ managments", "events_ managments\events_ managments.csproj", "{0BD36621-1FC1-4909-9AA8-DBD811736CB3}"
EndProject
Global
	GlobalSection(SolutionConfigurationPlatforms) = preSolution
		Debug|Any CPU = Debug|Any CPU
		Release|Any CPU = Release|Any CPU
	EndGlobalSection
	GlobalSection(ProjectConfigurationPlatforms) = postSolution
		{0BD36621-1FC1-4909-9AA8-DBD811736CB3}.Debug|Any CPU.ActiveCfg = Debug|Any CPU
		{0BD36621-1FC1-4909-9AA8-DBD811736CB3}.Debug|Any CPU.Build.0 = Debug|Any CPU
		{0BD36621-1FC1-4909-9AA8-DBD811736CB3}.Release|Any CPU.ActiveCfg = Release|Any CPU
		{0BD36621-1FC1-4909-9AA8-DBD811736CB3}.Release|Any CPU.Build.0 = Release|Any CPU
	EndGlobalSection
	GlobalSection(SolutionProperties) = preSolution
		HideSolutionNode = FALSE
	EndGlobalSection
	GlobalSection(ExtensibilityGlobals) = postSolution
		SolutionGuid = {8851BAD1-D2E5-44BF-9EE9-58E95F61445C}
	EndGlobalSection
EndGlobal
